github.com/mattn/go-pointer v0.0.0-20190911064623-a0a44394634f h1:QTRRO+ozoYgT3CQRIzNVYJRU3DB8HRnkZv6mr4ISmMA=
github.com/mattn/go-pointer v0.0.0-20190911064623-a0a44394634f/go.mod h1:2zXcozF6qYGgmsG+SeTZz3oAbFLdD3OWqnUbNvJZAlc=
github.com/pion/rtp v1.5.5 h1:WTqWdmBuIj+luh8Wg6XVX+w7OytZHAIgtC7uSvgEl9Y=
github.com/pion/rtp v1.5.5/go.mod h1:bg60AL5GotNOlYZsqycbhDtEV3TkfbpXG0KBiUq29Mg=
